// !$*UTF8*$!
{
	archiveVersion = 1;
	classes = {
	};
	objectVersion = 55;
	objects = {

/* Begin PBXBuildFile section */
		A735E134274C6475006F8D52 /* AnimateDataView.swift in Sources */ = {isa = PBXBuildFile; fileRef = A735E133274C6475006F8D52 /* AnimateDataView.swift */; };
		A735E136274C8EF8006F8D52 /* AnimatablePairView.swift in Sources */ = {isa = PBXBuildFile; fileRef = A735E135274C8EF8006F8D52 /* AnimatablePairView.swift */; };
		A746ECA9274CB0C7009E3F51 /* SpirographView.swift in Sources */ = {isa = PBXBuildFile; fileRef = A746ECA8274CB0C7009E3F51 /* SpirographView.swift */; };
		A7D10700274B55C6009F9F78 /* SpecialEffectsAnimateShapesApp.swift in Sources */ = {isa = PBXBuildFile; fileRef = A7D106FF274B55C6009F9F78 /* SpecialEffectsAnimateShapesApp.swift */; };
		A7D10702274B55C6009F9F78 /* ContentView.swift in Sources */ = {isa = PBXBuildFile; fileRef = A7D10701274B55C6009F9F78 /* ContentView.swift */; };
		A7D10704274B55CA009F9F78 /* Assets.xcassets in Resources */ = {isa = PBXBuildFile; fileRef = A7D10703274B55CA009F9F78 /* Assets.xcassets */; };
		A7D10707274B55CA009F9F78 /* Preview Assets.xcassets in Resources */ = {isa = PBXBuildFile; fileRef = A7D10706274B55CA009F9F78 /* Preview Assets.xcassets */; };
		A7D1070E274B5D7E009F9F78 /* BlendModeView.swift in Sources */ = {isa = PBXBuildFile; fileRef = A7D1070D274B5D7E009F9F78 /* BlendModeView.swift */; };
/* End PBXBuildFile section */

/* Begin PBXFileReference section */
		A735E133274C6475006F8D52 /* AnimateDataView.swift */ = {isa = PBXFileReference; lastKnownFileType = sourcecode.swift; path = AnimateDataView.swift; sourceTree = "<group>"; };
		A735E135274C8EF8006F8D52 /* AnimatablePairView.swift */ = {isa = PBXFileReference; lastKnownFileType = sourcecode.swift; path = AnimatablePairView.swift; sourceTree = "<group>"; };
		A746ECA8274CB0C7009E3F51 /* SpirographView.swift */ = {isa = PBXFileReference; lastKnownFileType = sourcecode.swift; path = SpirographView.swift; sourceTree = "<group>"; };
		A7D106FC274B55C6009F9F78 /* SpecialEffectsAnimateShapes.app */ = {isa = PBXFileReference; explicitFileType = wrapper.application; includeInIndex = 0; path = SpecialEffectsAnimateShapes.app; sourceTree = BUILT_PRODUCTS_DIR; };
		A7D106FF274B55C6009F9F78 /* SpecialEffectsAnimateShapesApp.swift */ = {isa = PBXFileReference; lastKnownFileType = sourcecode.swift; path = SpecialEffectsAnimateShapesApp.swift; sourceTree = "<group>"; };
		A7D10701274B55C6009F9F78 /* ContentView.swift */ = {isa = PBXFileReference; lastKnownFileType = sourcecode.swift; path = ContentView.swift; sourceTree = "<group>"; };
		A7D10703274B55CA009F9F78 /* Assets.xcassets */ = {isa = PBXFileReference; lastKnownFileType = folder.assetcatalog; path = Assets.xcassets; sourceTree = "<group>"; };
		A7D10706274B55CA009F9F78 /* Preview Assets.xcassets */ = {isa = PBXFileReference; lastKnownFileType = folder.assetcatalog; path = "Preview Assets.xcassets"; sourceTree = "<group>"; };
		A7D1070D274B5D7E009F9F78 /* BlendModeView.swift */ = {isa = PBXFileReference; lastKnownFileType = sourcecode.swift; path = BlendModeView.swift; sourceTree = "<group>"; };
/* End PBXFileReference section */

/* Begin PBXFrameworksBuildPhase section */
		A7D106F9274B55C6009F9F78 /* Frameworks */ = {
			isa = PBXFrameworksBuildPhase;
			buildActionMask = 2147483647;
			files = (
			);
			runOnlyForDeploymentPostprocessing = 0;
		};
/* End PBXFrameworksBuildPhase section */

/* Begin PBXGroup section */
		A7D106F3274B55C6009F9F78 = {
			isa = PBXGroup;
			children = (
				A7D106FE274B55C6009F9F78 /* SpecialEffectsAnimateShapes */,
				A7D106FD274B55C6009F9F78 /* Products */,
			);
			sourceTree = "<group>";
		};
		A7D106FD274B55C6009F9F78 /* Products */ = {
			isa = PBXGroup;
			children = (
				A7D106FC274B55C6009F9F78 /* SpecialEffectsAnimateShapes.app */,
			);
			name = Products;
			sourceTree = "<group>";
		};
		A7D106FE274B55C6009F9F78 /* SpecialEffectsAnimateShapes */ = {
			isa = PBXGroup;
			children = (
				A7D106FF274B55C6009F9F78 /* SpecialEffectsAnimateShapesApp.swift */,
				A7D10701274B55C6009F9F78 /* ContentView.swift */,
				A7D1070D274B5D7E009F9F78 /* BlendModeView.swift */,
				A735E133274C6475006F8D52 /* AnimateDataView.swift */,
				A735E135274C8EF8006F8D52 /* AnimatablePairView.swift */,
				A746ECA8274CB0C7009E3F51 /* SpirographView.swift */,
				A7D10703274B55CA009F9F78 /* Assets.xcassets */,
				A7D10705274B55CA009F9F78 /* Preview Content */,
			);
			path = SpecialEffectsAnimateShapes;
			sourceTree = "<group>";
		};
		A7D10705274B55CA009F9F78 /* Preview Content */ = {
			isa = PBXGroup;
			children = (
				A7D10706274B55CA009F9F78 /* Preview Assets.xcassets */,
			);
			path = "Preview Content";
			sourceTree = "<group>";
		};
/* End PBXGroup section */

/* Begin PBXNativeTarget section */
		A7D106FB274B55C6009F9F78 /* SpecialEffectsAnimateShapes */ = {
			isa = PBXNativeTarget;
			buildConfigurationList = A7D1070A274B55CA009F9F78 /* Build configuration list for PBXNativeTarget "SpecialEffectsAnimateShapes" */;
			buildPhases = (
				A7D106F8274B55C6009F9F78 /* Sources */,
				A7D106F9274B55C6009F9F78 /* Frameworks */,
				A7D106FA274B55C6009F9F78 /* Resources */,
			);
			buildRules = (
			);
			dependencies = (
			);
			name = SpecialEffectsAnimateShapes;
			productName = SpecialEffectsAnimateShapes;
			productReference = A7D106FC274B55C6009F9F78 /* SpecialEffectsAnimateShapes.app */;
			productType = "com.apple.product-type.application";
		};
/* End PBXNativeTarget section */

/* Begin PBXProject section */
		A7D106F4274B55C6009F9F78 /* Project object */ = {
			isa = PBXProject;
			attributes = {
				BuildIndependentTargetsInParallel = 1;
				LastSwiftUpdateCheck = 1300;
				LastUpgradeCheck = 1300;
				TargetAttributes = {
					A7D106FB274B55C6009F9F78 = {
						CreatedOnToolsVersion = 13.0;
					};
				};
			};
			buildConfigurationList = A7D106F7274B55C6009F9F78 /* Build configuration list for PBXProject "SpecialEffectsAnimateShapes" */;
			compatibilityVersion = "Xcode 13.0";
			developmentRegion = en;
			hasScannedForEncodings = 0;
			knownRegions = (
				en,
				Base,
			);
			mainGroup = A7D106F3274B55C6009F9F78;
			productRefGroup = A7D106FD274B55C6009F9F78 /* Products */;
			projectDirPath = "";
			projectRoot = "";
			targets = (
				A7D106FB274B55C6009F9F78 /* SpecialEffectsAnimateShapes */,
			);
		};
/* End PBXProject section */

/* Begin PBXResourcesBuildPhase section */
		A7D106FA274B55C6009F9F78 /* Resources */ = {
			isa = PBXResourcesBuildPhase;
			buildActionMask = 2147483647;
			files = (
				A7D10707274B55CA009F9F78 /* Preview Assets.xcassets in Resources */,
				A7D10704274B55CA009F9F78 /* Assets.xcassets in Resources */,
			);
			runOnlyForDeploymentPostprocessing = 0;
		};
/* End PBXResourcesBuildPhase section */

/* Begin PBXSourcesBuildPhase section */
		A7D106F8274B55C6009F9F78 /* Sources */ = {
			isa = PBXSourcesBuildPhase;
			buildActionMask = 2147483647;
			files = (
				A735E134274C6475006F8D52 /* AnimateDataView.swift in Sources */,
				A7D1070E274B5D7E009F9F78 /* BlendModeView.swift in Sources */,
				A746ECA9274CB0C7009E3F51 /* SpirographView.swift in Sources */,
				A735E136274C8EF8006F8D52 /* AnimatablePairView.swift in Sources */,
				A7D10702274B55C6009F9F78 /* ContentView.swift in Sources */,
				A7D10700274B55C6009F9F78 /* SpecialEffectsAnimateShapesApp.swift in Sources */,
			);
			runOnlyForDeploymentPostprocessing = 0;
		};
/* End PBXSourcesBuildPhase section */

/* Begin XCBuildConfiguration section */
		A7D10708274B55CA009F9F78 /* Debug */ = {
			isa = XCBuildConfiguration;
			buildSettings = {
				ALWAYS_SEARCH_USER_PATHS = NO;
				CLANG_ANALYZER_NONNULL = YES;
				CLANG_ANALYZER_NUMBER_OBJECT_CONVERSION = YES_AGGRESSIVE;
				CLANG_CXX_LANGUAGE_STANDARD = "gnu++17";
				CLANG_CXX_LIBRARY = "libc++";
				CLANG_ENABLE_MODULES = YES;
				CLANG_ENABLE_OBJC_ARC = YES;
				CLANG_ENABLE_OBJC_WEAK = YES;
				CLANG_WARN_BLOCK_CAPTURE_AUTORELEASING = YES;
				CLANG_WARN_BOOL_CONVERSION = YES;
				CLANG_WARN_COMMA = YES;
				CLANG_WARN_CONSTANT_CONVERSION = YES;
				CLANG_WARN_DEPRECATED_OBJC_IMPLEMENTATIONS = YES;
				CLANG_WARN_DIRECT_OBJC_ISA_USAGE = YES_ERROR;
				CLANG_WARN_DOCUMENTATION_COMMENTS = YES;
				CLANG_WARN_EMPTY_BODY = YES;
				CLANG_WARN_ENUM_CONVERSION = YES;
				CLANG_WARN_INFINITE_RECURSION = YES;
				CLANG_WARN_INT_CONVERSION = YES;
				CLANG_WARN_NON_LITERAL_NULL_CONVERSION = YES;
				CLANG_WARN_OBJC_IMPLICIT_RETAIN_SELF = YES;
				CLANG_WARN_OBJC_LITERAL_CONVERSION = YES;
				CLANG_WARN_OBJC_ROOT_CLASS = YES_ERROR;
				CLANG_WARN_QUOTED_INCLUDE_IN_FRAMEWORK_HEADER = YES;
				CLANG_WARN_RANGE_LOOP_ANALYSIS = YES;
				CLANG_WARN_STRICT_PROTOTYPES = YES;
				CLANG_WARN_SUSPICIOUS_MOVE = YES;
				CLANG_WARN_UNGUARDED_AVAILABILITY = YES_AGGRESSIVE;
				CLANG_WARN_UNREACHABLE_CODE = YES;
				CLANG_WARN__DUPLICATE_METHOD_MATCH = YES;
				COPY_PHASE_STRIP = NO;
				DEBUG_INFORMATION_FORMAT = dwarf;
				ENABLE_STRICT_OBJC_MSGSEND = YES;
				ENABLE_TESTABILITY = YES;
				GCC_C_LANGUAGE_STANDARD = gnu11;
				GCC_DYNAMIC_NO_PIC = NO;
				GCC_NO_COMMON_BLOCKS = YES;
				GCC_OPTIMIZATION_LEVEL = 0;
				GCC_PREPROCESSOR_DEFINITIONS = (
					"DEBUG=1",
					"$(inherited)",
				);
				GCC_WARN_64_TO_32_BIT_CONVERSION = YES;
				GCC_WARN_ABOUT_RETURN_TYPE = YES_ERROR;
				GCC_WARN_UNDECLARED_SELECTOR = YES;
				GCC_WARN_UNINITIALIZED_AUTOS = YES_AGGRESSIVE;
				GCC_WARN_UNUSED_FUNCTION = YES;
				GCC_WARN_UNUSED_VARIABLE = YES;
				IPHONEOS_DEPLOYMENT_TARGET = 15.0;
				MTL_ENABLE_DEBUG_INFO = INCLUDE_SOURCE;
				MTL_FAST_MATH = YES;
				ONLY_ACTIVE_ARCH = YES;
				SDKROOT = iphoneos;
				SWIFT_ACTIVE_COMPILATION_CONDITIONS = DEBUG;
				SWIFT_OPTIMIZATION_LEVEL = "-Onone";
			};
			name = Debug;
		};
		A7D10709274B55CA009F9F78 /* Release */ = {
			isa = XCBuildConfiguration;
			buildSettings = {
				ALWAYS_SEARCH_USER_PATHS = NO;
				CLANG_ANALYZER_NONNULL = YES;
				CLANG_ANALYZER_NUMBER_OBJECT_CONVERSION = YES_AGGRESSIVE;
				CLANG_CXX_LANGUAGE_STANDARD = "gnu++17";
				CLANG_CXX_LIBRARY = "libc++";
				CLANG_ENABLE_MODULES = YES;
				CLANG_ENABLE_OBJC_ARC = YES;
				CLANG_ENABLE_OBJC_WEAK = YES;
				CLANG_WARN_BLOCK_CAPTURE_AUTORELEASING = YES;
				CLANG_WARN_BOOL_CONVERSION = YES;
				CLANG_WARN_COMMA = YES;
				CLANG_WARN_CONSTANT_CONVERSION = YES;
				CLANG_WARN_DEPRECATED_OBJC_IMPLEMENTATIONS = YES;
				CLANG_WARN_DIRECT_OBJC_ISA_USAGE = YES_ERROR;
				CLANG_WARN_DOCUMENTATION_COMMENTS = YES;
				CLANG_WARN_EMPTY_BODY = YES;
				CLANG_WARN_ENUM_CONVERSION = YES;
				CLANG_WARN_INFINITE_RECURSION = YES;
				CLANG_WARN_INT_CONVERSION = YES;
				CLANG_WARN_NON_LITERAL_NULL_CONVERSION = YES;
				CLANG_WARN_OBJC_IMPLICIT_RETAIN_SELF = YES;
				CLANG_WARN_OBJC_LITERAL_CONVERSION = YES;
				CLANG_WARN_OBJC_ROOT_CLASS = YES_ERROR;
				CLANG_WARN_QUOTED_INCLUDE_IN_FRAMEWORK_HEADER = YES;
				CLANG_WARN_RANGE_LOOP_ANALYSIS = YES;
				CLANG_WARN_STRICT_PROTOTYPES = YES;
				CLANG_WARN_SUSPICIOUS_MOVE = YES;
				CLANG_WARN_UNGUARDED_AVAILABILITY = YES_AGGRESSIVE;
				CLANG_WARN_UNREACHABLE_CODE = YES;
				CLANG_WARN__DUPLICATE_METHOD_MATCH = YES;
				COPY_PHASE_STRIP = NO;
				DEBUG_INFORMATION_FORMAT = "dwarf-with-dsym";
				ENABLE_NS_ASSERTIONS = NO;
				ENABLE_STRICT_OBJC_MSGSEND = YES;
				GCC_C_LANGUAGE_STANDARD = gnu11;
				GCC_NO_COMMON_BLOCKS = YES;
				GCC_WARN_64_TO_32_BIT_CONVERSION = YES;
				GCC_WARN_ABOUT_RETURN_TYPE = YES_ERROR;
				GCC_WARN_UNDECLARED_SELECTOR = YES;
				GCC_WARN_UNINITIALIZED_AUTOS = YES_AGGRESSIVE;
				GCC_WARN_UNUSED_FUNCTION = YES;
				GCC_WARN_UNUSED_VARIABLE = YES;
				IPHONEOS_DEPLOYMENT_TARGET = 15.0;
				MTL_ENABLE_DEBUG_INFO = NO;
				MTL_FAST_MATH = YES;
				SDKROOT = iphoneos;
				SWIFT_COMPILATION_MODE = wholemodule;
				SWIFT_OPTIMIZATION_LEVEL = "-O";
				VALIDATE_PRODUCT = YES;
			};
			name = Release;
		};
		A7D1070B274B55CA009F9F78 /* Debug */ = {
			isa = XCBuildConfiguration;
			buildSettings = {
				ASSETCATALOG_COMPILER_APPICON_NAME = AppIcon;
				ASSETCATALOG_COMPILER_GLOBAL_ACCENT_COLOR_NAME = AccentColor;
				CODE_SIGN_STYLE = Automatic;
				CURRENT_PROJECT_VERSION = 1;
				DEVELOPMENT_ASSET_PATHS = "\"SpecialEffectsAnimateShapes/Preview Content\"";
				ENABLE_PREVIEWS = YES;
				GENERATE_INFOPLIST_FILE = YES;
				INFOPLIST_KEY_UIApplicationSceneManifest_Generation = YES;
				INFOPLIST_KEY_UIApplicationSupportsIndirectInputEvents = YES;
				INFOPLIST_KEY_UILaunchScreen_Generation = YES;
				INFOPLIST_KEY_UISupportedInterfaceOrientations_iPad = "UIInterfaceOrientationPortrait UIInterfaceOrientationPortraitUpsideDown UIInterfaceOrientationLandscapeLeft UIInterfaceOrientationLandscapeRight";
				INFOPLIST_KEY_UISupportedInterfaceOrientations_iPhone = "UIInterfaceOrientationPortrait UIInterfaceOrientationLandscapeLeft UIInterfaceOrientationLandscapeRight";
				IPHONEOS_DEPLOYMENT_TARGET = 14.0;
				LD_RUNPATH_SEARCH_PATHS = (
					"$(inherited)",
					"@executable_path/Frameworks",
				);
				MARKETING_VERSION = 1.0;
				PRODUCT_BUNDLE_IDENTIFIER = net.estremadoyro.SpecialEffectsAnimateShapes;
				PRODUCT_NAME = "$(TARGET_NAME)";
				SWIFT_EMIT_LOC_STRINGS = YES;
				SWIFT_VERSION = 5.0;
				TARGETED_DEVICE_FAMILY = "1,2";
			};
			name = Debug;
		};
		A7D1070C274B55CA009F9F78 /* Release */ = {
			isa = XCBuildConfiguration;
			buildSettings = {
				ASSETCATALOG_COMPILER_APPICON_NAME = AppIcon;
				ASSETCATALOG_COMPILER_GLOBAL_ACCENT_COLOR_NAME = AccentColor;
				CODE_SIGN_STYLE = Automatic;
				CURRENT_PROJECT_VERSION = 1;
				DEVELOPMENT_ASSET_PATHS = "\"SpecialEffectsAnimateShapes/Preview Content\"";
				ENABLE_PREVIEWS = YES;
				GENERATE_INFOPLIST_FILE = YES;
				INFOPLIST_KEY_UIApplicationSceneManifest_Generation = YES;
				INFOPLIST_KEY_UIApplicationSupportsIndirectInputEvents = YES;
				INFOPLIST_KEY_UILaunchScreen_Generation = YES;
				INFOPLIST_KEY_UISupportedInterfaceOrientations_iPad = "UIInterfaceOrientationPortrait UIInterfaceOrientationPortraitUpsideDown UIInterfaceOrientationLandscapeLeft UIInterfaceOrientationLandscapeRight";
				INFOPLIST_KEY_UISupportedInterfaceOrientations_iPhone = "UIInterfaceOrientationPortrait UIInterfaceOrientationLandscapeLeft UIInterfaceOrientationLandscapeRight";
				IPHONEOS_DEPLOYMENT_TARGET = 14.0;
				LD_RUNPATH_SEARCH_PATHS = (
					"$(inherited)",
					"@executable_path/Frameworks",
				);
				MARKETING_VERSION = 1.0;
				PRODUCT_BUNDLE_IDENTIFIER = net.estremadoyro.SpecialEffectsAnimateShapes;
				PRODUCT_NAME = "$(TARGET_NAME)";
				SWIFT_EMIT_LOC_STRINGS = YES;
				SWIFT_VERSION = 5.0;
				TARGETED_DEVICE_FAMILY = "1,2";
			};
			name = Release;
		};
/* End XCBuildConfiguration section */

/* Begin XCConfigurationList section */
		A7D106F7274B55C6009F9F78 /* Build configuration list for PBXProject "SpecialEffectsAnimateShapes" */ = {
			isa = XCConfigurationList;
			buildConfigurations = (
				A7D10708274B55CA009F9F78 /* Debug */,
				A7D10709274B55CA009F9F78 /* Release */,
			);
			defaultConfigurationIsVisible = 0;
			defaultConfigurationName = Release;
		};
		A7D1070A274B55CA009F9F78 /* Build configuration list for PBXNativeTarget "SpecialEffectsAnimateShapes" */ = {
			isa = XCConfigurationList;
			buildConfigurations = (
				A7D1070B274B55CA009F9F78 /* Debug */,
				A7D1070C274B55CA009F9F78 /* Release */,
			);
			defaultConfigurationIsVisible = 0;
			defaultConfigurationName = Release;
		};
/* End XCConfigurationList section */
	};
	rootObject = A7D106F4274B55C6009F9F78 /* Project object */;
}
