// !$*UTF8*$!
{
	archiveVersion = 1;
	classes = {
	};
	objectVersion = 55;
	objects = {

/* Begin PBXBuildFile section */
		A734D7AC2762F46600690590 /* AsyncImageView.swift in Sources */ = {isa = PBXBuildFile; fileRef = A734D7AB2762F46600690590 /* AsyncImageView.swift */; };
		A734D7AE2762F6BF00690590 /* ImageLoader.swift in Sources */ = {isa = PBXBuildFile; fileRef = A734D7AD2762F6BF00690590 /* ImageLoader.swift */; };
		A7BEB2B427605035008E52B5 /* URLSessionCodableDisableApp.swift in Sources */ = {isa = PBXBuildFile; fileRef = A7BEB2B327605035008E52B5 /* URLSessionCodableDisableApp.swift */; };
		A7BEB2B627605035008E52B5 /* ContentView.swift in Sources */ = {isa = PBXBuildFile; fileRef = A7BEB2B527605035008E52B5 /* ContentView.swift */; };
		A7BEB2B827605038008E52B5 /* Assets.xcassets in Resources */ = {isa = PBXBuildFile; fileRef = A7BEB2B727605038008E52B5 /* Assets.xcassets */; };
		A7BEB2BB27605038008E52B5 /* Preview Assets.xcassets in Resources */ = {isa = PBXBuildFile; fileRef = A7BEB2BA27605038008E52B5 /* Preview Assets.xcassets */; };
		A7BEB2C227611397008E52B5 /* CodableConformanceView.swift in Sources */ = {isa = PBXBuildFile; fileRef = A7BEB2C127611397008E52B5 /* CodableConformanceView.swift */; };
		A7BEB2C42761D123008E52B5 /* URLSessionView.swift in Sources */ = {isa = PBXBuildFile; fileRef = A7BEB2C32761D123008E52B5 /* URLSessionView.swift */; };
/* End PBXBuildFile section */

/* Begin PBXFileReference section */
		A734D7AB2762F46600690590 /* AsyncImageView.swift */ = {isa = PBXFileReference; lastKnownFileType = sourcecode.swift; path = AsyncImageView.swift; sourceTree = "<group>"; };
		A734D7AD2762F6BF00690590 /* ImageLoader.swift */ = {isa = PBXFileReference; lastKnownFileType = sourcecode.swift; path = ImageLoader.swift; sourceTree = "<group>"; };
		A7BEB2B027605035008E52B5 /* URLSessionCodableDisable.app */ = {isa = PBXFileReference; explicitFileType = wrapper.application; includeInIndex = 0; path = URLSessionCodableDisable.app; sourceTree = BUILT_PRODUCTS_DIR; };
		A7BEB2B327605035008E52B5 /* URLSessionCodableDisableApp.swift */ = {isa = PBXFileReference; lastKnownFileType = sourcecode.swift; path = URLSessionCodableDisableApp.swift; sourceTree = "<group>"; };
		A7BEB2B527605035008E52B5 /* ContentView.swift */ = {isa = PBXFileReference; lastKnownFileType = sourcecode.swift; path = ContentView.swift; sourceTree = "<group>"; };
		A7BEB2B727605038008E52B5 /* Assets.xcassets */ = {isa = PBXFileReference; lastKnownFileType = folder.assetcatalog; path = Assets.xcassets; sourceTree = "<group>"; };
		A7BEB2BA27605038008E52B5 /* Preview Assets.xcassets */ = {isa = PBXFileReference; lastKnownFileType = folder.assetcatalog; path = "Preview Assets.xcassets"; sourceTree = "<group>"; };
		A7BEB2C127611397008E52B5 /* CodableConformanceView.swift */ = {isa = PBXFileReference; lastKnownFileType = sourcecode.swift; path = CodableConformanceView.swift; sourceTree = "<group>"; };
		A7BEB2C32761D123008E52B5 /* URLSessionView.swift */ = {isa = PBXFileReference; lastKnownFileType = sourcecode.swift; path = URLSessionView.swift; sourceTree = "<group>"; };
/* End PBXFileReference section */

/* Begin PBXFrameworksBuildPhase section */
		A7BEB2AD27605035008E52B5 /* Frameworks */ = {
			isa = PBXFrameworksBuildPhase;
			buildActionMask = 2147483647;
			files = (
			);
			runOnlyForDeploymentPostprocessing = 0;
		};
/* End PBXFrameworksBuildPhase section */

/* Begin PBXGroup section */
		A7BEB2A727605035008E52B5 = {
			isa = PBXGroup;
			children = (
				A7BEB2B227605035008E52B5 /* URLSessionCodableDisable */,
				A7BEB2B127605035008E52B5 /* Products */,
			);
			sourceTree = "<group>";
		};
		A7BEB2B127605035008E52B5 /* Products */ = {
			isa = PBXGroup;
			children = (
				A7BEB2B027605035008E52B5 /* URLSessionCodableDisable.app */,
			);
			name = Products;
			sourceTree = "<group>";
		};
		A7BEB2B227605035008E52B5 /* URLSessionCodableDisable */ = {
			isa = PBXGroup;
			children = (
				A7BEB2B327605035008E52B5 /* URLSessionCodableDisableApp.swift */,
				A7BEB2B527605035008E52B5 /* ContentView.swift */,
				A7BEB2C32761D123008E52B5 /* URLSessionView.swift */,
				A734D7AB2762F46600690590 /* AsyncImageView.swift */,
				A734D7AD2762F6BF00690590 /* ImageLoader.swift */,
				A7BEB2C127611397008E52B5 /* CodableConformanceView.swift */,
				A7BEB2B727605038008E52B5 /* Assets.xcassets */,
				A7BEB2B927605038008E52B5 /* Preview Content */,
			);
			path = URLSessionCodableDisable;
			sourceTree = "<group>";
		};
		A7BEB2B927605038008E52B5 /* Preview Content */ = {
			isa = PBXGroup;
			children = (
				A7BEB2BA27605038008E52B5 /* Preview Assets.xcassets */,
			);
			path = "Preview Content";
			sourceTree = "<group>";
		};
/* End PBXGroup section */

/* Begin PBXNativeTarget section */
		A7BEB2AF27605035008E52B5 /* URLSessionCodableDisable */ = {
			isa = PBXNativeTarget;
			buildConfigurationList = A7BEB2BE27605038008E52B5 /* Build configuration list for PBXNativeTarget "URLSessionCodableDisable" */;
			buildPhases = (
				A7BEB2AC27605035008E52B5 /* Sources */,
				A7BEB2AD27605035008E52B5 /* Frameworks */,
				A7BEB2AE27605035008E52B5 /* Resources */,
			);
			buildRules = (
			);
			dependencies = (
			);
			name = URLSessionCodableDisable;
			productName = URLSessionCodableDisable;
			productReference = A7BEB2B027605035008E52B5 /* URLSessionCodableDisable.app */;
			productType = "com.apple.product-type.application";
		};
/* End PBXNativeTarget section */

/* Begin PBXProject section */
		A7BEB2A827605035008E52B5 /* Project object */ = {
			isa = PBXProject;
			attributes = {
				BuildIndependentTargetsInParallel = 1;
				LastSwiftUpdateCheck = 1300;
				LastUpgradeCheck = 1300;
				TargetAttributes = {
					A7BEB2AF27605035008E52B5 = {
						CreatedOnToolsVersion = 13.0;
					};
				};
			};
			buildConfigurationList = A7BEB2AB27605035008E52B5 /* Build configuration list for PBXProject "URLSessionCodableDisable" */;
			compatibilityVersion = "Xcode 13.0";
			developmentRegion = en;
			hasScannedForEncodings = 0;
			knownRegions = (
				en,
				Base,
			);
			mainGroup = A7BEB2A727605035008E52B5;
			productRefGroup = A7BEB2B127605035008E52B5 /* Products */;
			projectDirPath = "";
			projectRoot = "";
			targets = (
				A7BEB2AF27605035008E52B5 /* URLSessionCodableDisable */,
			);
		};
/* End PBXProject section */

/* Begin PBXResourcesBuildPhase section */
		A7BEB2AE27605035008E52B5 /* Resources */ = {
			isa = PBXResourcesBuildPhase;
			buildActionMask = 2147483647;
			files = (
				A7BEB2BB27605038008E52B5 /* Preview Assets.xcassets in Resources */,
				A7BEB2B827605038008E52B5 /* Assets.xcassets in Resources */,
			);
			runOnlyForDeploymentPostprocessing = 0;
		};
/* End PBXResourcesBuildPhase section */

/* Begin PBXSourcesBuildPhase section */
		A7BEB2AC27605035008E52B5 /* Sources */ = {
			isa = PBXSourcesBuildPhase;
			buildActionMask = 2147483647;
			files = (
				A7BEB2B627605035008E52B5 /* ContentView.swift in Sources */,
				A7BEB2C42761D123008E52B5 /* URLSessionView.swift in Sources */,
				A734D7AE2762F6BF00690590 /* ImageLoader.swift in Sources */,
				A7BEB2B427605035008E52B5 /* URLSessionCodableDisableApp.swift in Sources */,
				A734D7AC2762F46600690590 /* AsyncImageView.swift in Sources */,
				A7BEB2C227611397008E52B5 /* CodableConformanceView.swift in Sources */,
			);
			runOnlyForDeploymentPostprocessing = 0;
		};
/* End PBXSourcesBuildPhase section */

/* Begin XCBuildConfiguration section */
		A7BEB2BC27605038008E52B5 /* Debug */ = {
			isa = XCBuildConfiguration;
			buildSettings = {
				ALWAYS_SEARCH_USER_PATHS = NO;
				CLANG_ANALYZER_NONNULL = YES;
				CLANG_ANALYZER_NUMBER_OBJECT_CONVERSION = YES_AGGRESSIVE;
				CLANG_CXX_LANGUAGE_STANDARD = "gnu++17";
				CLANG_CXX_LIBRARY = "libc++";
				CLANG_ENABLE_MODULES = YES;
				CLANG_ENABLE_OBJC_ARC = YES;
				CLANG_ENABLE_OBJC_WEAK = YES;
				CLANG_WARN_BLOCK_CAPTURE_AUTORELEASING = YES;
				CLANG_WARN_BOOL_CONVERSION = YES;
				CLANG_WARN_COMMA = YES;
				CLANG_WARN_CONSTANT_CONVERSION = YES;
				CLANG_WARN_DEPRECATED_OBJC_IMPLEMENTATIONS = YES;
				CLANG_WARN_DIRECT_OBJC_ISA_USAGE = YES_ERROR;
				CLANG_WARN_DOCUMENTATION_COMMENTS = YES;
				CLANG_WARN_EMPTY_BODY = YES;
				CLANG_WARN_ENUM_CONVERSION = YES;
				CLANG_WARN_INFINITE_RECURSION = YES;
				CLANG_WARN_INT_CONVERSION = YES;
				CLANG_WARN_NON_LITERAL_NULL_CONVERSION = YES;
				CLANG_WARN_OBJC_IMPLICIT_RETAIN_SELF = YES;
				CLANG_WARN_OBJC_LITERAL_CONVERSION = YES;
				CLANG_WARN_OBJC_ROOT_CLASS = YES_ERROR;
				CLANG_WARN_QUOTED_INCLUDE_IN_FRAMEWORK_HEADER = YES;
				CLANG_WARN_RANGE_LOOP_ANALYSIS = YES;
				CLANG_WARN_STRICT_PROTOTYPES = YES;
				CLANG_WARN_SUSPICIOUS_MOVE = YES;
				CLANG_WARN_UNGUARDED_AVAILABILITY = YES_AGGRESSIVE;
				CLANG_WARN_UNREACHABLE_CODE = YES;
				CLANG_WARN__DUPLICATE_METHOD_MATCH = YES;
				COPY_PHASE_STRIP = NO;
				DEBUG_INFORMATION_FORMAT = dwarf;
				ENABLE_STRICT_OBJC_MSGSEND = YES;
				ENABLE_TESTABILITY = YES;
				GCC_C_LANGUAGE_STANDARD = gnu11;
				GCC_DYNAMIC_NO_PIC = NO;
				GCC_NO_COMMON_BLOCKS = YES;
				GCC_OPTIMIZATION_LEVEL = 0;
				GCC_PREPROCESSOR_DEFINITIONS = (
					"DEBUG=1",
					"$(inherited)",
				);
				GCC_WARN_64_TO_32_BIT_CONVERSION = YES;
				GCC_WARN_ABOUT_RETURN_TYPE = YES_ERROR;
				GCC_WARN_UNDECLARED_SELECTOR = YES;
				GCC_WARN_UNINITIALIZED_AUTOS = YES_AGGRESSIVE;
				GCC_WARN_UNUSED_FUNCTION = YES;
				GCC_WARN_UNUSED_VARIABLE = YES;
				IPHONEOS_DEPLOYMENT_TARGET = 15.0;
				MTL_ENABLE_DEBUG_INFO = INCLUDE_SOURCE;
				MTL_FAST_MATH = YES;
				ONLY_ACTIVE_ARCH = YES;
				SDKROOT = iphoneos;
				SWIFT_ACTIVE_COMPILATION_CONDITIONS = DEBUG;
				SWIFT_OPTIMIZATION_LEVEL = "-Onone";
			};
			name = Debug;
		};
		A7BEB2BD27605038008E52B5 /* Release */ = {
			isa = XCBuildConfiguration;
			buildSettings = {
				ALWAYS_SEARCH_USER_PATHS = NO;
				CLANG_ANALYZER_NONNULL = YES;
				CLANG_ANALYZER_NUMBER_OBJECT_CONVERSION = YES_AGGRESSIVE;
				CLANG_CXX_LANGUAGE_STANDARD = "gnu++17";
				CLANG_CXX_LIBRARY = "libc++";
				CLANG_ENABLE_MODULES = YES;
				CLANG_ENABLE_OBJC_ARC = YES;
				CLANG_ENABLE_OBJC_WEAK = YES;
				CLANG_WARN_BLOCK_CAPTURE_AUTORELEASING = YES;
				CLANG_WARN_BOOL_CONVERSION = YES;
				CLANG_WARN_COMMA = YES;
				CLANG_WARN_CONSTANT_CONVERSION = YES;
				CLANG_WARN_DEPRECATED_OBJC_IMPLEMENTATIONS = YES;
				CLANG_WARN_DIRECT_OBJC_ISA_USAGE = YES_ERROR;
				CLANG_WARN_DOCUMENTATION_COMMENTS = YES;
				CLANG_WARN_EMPTY_BODY = YES;
				CLANG_WARN_ENUM_CONVERSION = YES;
				CLANG_WARN_INFINITE_RECURSION = YES;
				CLANG_WARN_INT_CONVERSION = YES;
				CLANG_WARN_NON_LITERAL_NULL_CONVERSION = YES;
				CLANG_WARN_OBJC_IMPLICIT_RETAIN_SELF = YES;
				CLANG_WARN_OBJC_LITERAL_CONVERSION = YES;
				CLANG_WARN_OBJC_ROOT_CLASS = YES_ERROR;
				CLANG_WARN_QUOTED_INCLUDE_IN_FRAMEWORK_HEADER = YES;
				CLANG_WARN_RANGE_LOOP_ANALYSIS = YES;
				CLANG_WARN_STRICT_PROTOTYPES = YES;
				CLANG_WARN_SUSPICIOUS_MOVE = YES;
				CLANG_WARN_UNGUARDED_AVAILABILITY = YES_AGGRESSIVE;
				CLANG_WARN_UNREACHABLE_CODE = YES;
				CLANG_WARN__DUPLICATE_METHOD_MATCH = YES;
				COPY_PHASE_STRIP = NO;
				DEBUG_INFORMATION_FORMAT = "dwarf-with-dsym";
				ENABLE_NS_ASSERTIONS = NO;
				ENABLE_STRICT_OBJC_MSGSEND = YES;
				GCC_C_LANGUAGE_STANDARD = gnu11;
				GCC_NO_COMMON_BLOCKS = YES;
				GCC_WARN_64_TO_32_BIT_CONVERSION = YES;
				GCC_WARN_ABOUT_RETURN_TYPE = YES_ERROR;
				GCC_WARN_UNDECLARED_SELECTOR = YES;
				GCC_WARN_UNINITIALIZED_AUTOS = YES_AGGRESSIVE;
				GCC_WARN_UNUSED_FUNCTION = YES;
				GCC_WARN_UNUSED_VARIABLE = YES;
				IPHONEOS_DEPLOYMENT_TARGET = 15.0;
				MTL_ENABLE_DEBUG_INFO = NO;
				MTL_FAST_MATH = YES;
				SDKROOT = iphoneos;
				SWIFT_COMPILATION_MODE = wholemodule;
				SWIFT_OPTIMIZATION_LEVEL = "-O";
				VALIDATE_PRODUCT = YES;
			};
			name = Release;
		};
		A7BEB2BF27605038008E52B5 /* Debug */ = {
			isa = XCBuildConfiguration;
			buildSettings = {
				ASSETCATALOG_COMPILER_APPICON_NAME = AppIcon;
				ASSETCATALOG_COMPILER_GLOBAL_ACCENT_COLOR_NAME = AccentColor;
				CODE_SIGN_STYLE = Automatic;
				CURRENT_PROJECT_VERSION = 1;
				DEVELOPMENT_ASSET_PATHS = "\"URLSessionCodableDisable/Preview Content\"";
				ENABLE_PREVIEWS = YES;
				GENERATE_INFOPLIST_FILE = YES;
				INFOPLIST_KEY_UIApplicationSceneManifest_Generation = YES;
				INFOPLIST_KEY_UIApplicationSupportsIndirectInputEvents = YES;
				INFOPLIST_KEY_UILaunchScreen_Generation = YES;
				INFOPLIST_KEY_UISupportedInterfaceOrientations_iPad = "UIInterfaceOrientationPortrait UIInterfaceOrientationPortraitUpsideDown UIInterfaceOrientationLandscapeLeft UIInterfaceOrientationLandscapeRight";
				INFOPLIST_KEY_UISupportedInterfaceOrientations_iPhone = "UIInterfaceOrientationPortrait UIInterfaceOrientationLandscapeLeft UIInterfaceOrientationLandscapeRight";
				IPHONEOS_DEPLOYMENT_TARGET = 14.0;
				LD_RUNPATH_SEARCH_PATHS = (
					"$(inherited)",
					"@executable_path/Frameworks",
				);
				MARKETING_VERSION = 1.0;
				PRODUCT_BUNDLE_IDENTIFIER = net.estremadoyro.URLSessionCodableDisable;
				PRODUCT_NAME = "$(TARGET_NAME)";
				SWIFT_EMIT_LOC_STRINGS = YES;
				SWIFT_VERSION = 5.0;
				TARGETED_DEVICE_FAMILY = "1,2";
			};
			name = Debug;
		};
		A7BEB2C027605038008E52B5 /* Release */ = {
			isa = XCBuildConfiguration;
			buildSettings = {
				ASSETCATALOG_COMPILER_APPICON_NAME = AppIcon;
				ASSETCATALOG_COMPILER_GLOBAL_ACCENT_COLOR_NAME = AccentColor;
				CODE_SIGN_STYLE = Automatic;
				CURRENT_PROJECT_VERSION = 1;
				DEVELOPMENT_ASSET_PATHS = "\"URLSessionCodableDisable/Preview Content\"";
				ENABLE_PREVIEWS = YES;
				GENERATE_INFOPLIST_FILE = YES;
				INFOPLIST_KEY_UIApplicationSceneManifest_Generation = YES;
				INFOPLIST_KEY_UIApplicationSupportsIndirectInputEvents = YES;
				INFOPLIST_KEY_UILaunchScreen_Generation = YES;
				INFOPLIST_KEY_UISupportedInterfaceOrientations_iPad = "UIInterfaceOrientationPortrait UIInterfaceOrientationPortraitUpsideDown UIInterfaceOrientationLandscapeLeft UIInterfaceOrientationLandscapeRight";
				INFOPLIST_KEY_UISupportedInterfaceOrientations_iPhone = "UIInterfaceOrientationPortrait UIInterfaceOrientationLandscapeLeft UIInterfaceOrientationLandscapeRight";
				IPHONEOS_DEPLOYMENT_TARGET = 14.0;
				LD_RUNPATH_SEARCH_PATHS = (
					"$(inherited)",
					"@executable_path/Frameworks",
				);
				MARKETING_VERSION = 1.0;
				PRODUCT_BUNDLE_IDENTIFIER = net.estremadoyro.URLSessionCodableDisable;
				PRODUCT_NAME = "$(TARGET_NAME)";
				SWIFT_EMIT_LOC_STRINGS = YES;
				SWIFT_VERSION = 5.0;
				TARGETED_DEVICE_FAMILY = "1,2";
			};
			name = Release;
		};
/* End XCBuildConfiguration section */

/* Begin XCConfigurationList section */
		A7BEB2AB27605035008E52B5 /* Build configuration list for PBXProject "URLSessionCodableDisable" */ = {
			isa = XCConfigurationList;
			buildConfigurations = (
				A7BEB2BC27605038008E52B5 /* Debug */,
				A7BEB2BD27605038008E52B5 /* Release */,
			);
			defaultConfigurationIsVisible = 0;
			defaultConfigurationName = Release;
		};
		A7BEB2BE27605038008E52B5 /* Build configuration list for PBXNativeTarget "URLSessionCodableDisable" */ = {
			isa = XCConfigurationList;
			buildConfigurations = (
				A7BEB2BF27605038008E52B5 /* Debug */,
				A7BEB2C027605038008E52B5 /* Release */,
			);
			defaultConfigurationIsVisible = 0;
			defaultConfigurationName = Release;
		};
/* End XCConfigurationList section */
	};
	rootObject = A7BEB2A827605035008E52B5 /* Project object */;
}
